
Microsoft Visual Studio Solution File, Format Version 12.00
# Visual Studio Version 17
VisualStudioVersion = 17.0.32126.317
MinimumVisualStudioVersion = 10.0.40219.1
Project("{FAE04EC0-301F-11D3-BF4B-00C04F79EFBC}") = "Task_5", "Task_5.csproj", "{4E71C924-6A53-4E8B-9ACE-C1C49E3D1344}"
EndProject
Global
	GlobalSection(SolutionConfigurationPlatforms) = preSolution
		Debug|Any CPU = Debug|Any CPU
		Release|Any CPU = Release|Any CPU
	EndGlobalSection
	GlobalSection(ProjectConfigurationPlatforms) = postSolution
		{4E71C924-6A53-4E8B-9ACE-C1C49E3D1344}.Debug|Any CPU.ActiveCfg = Debug|Any CPU
		{4E71C924-6A53-4E8B-9ACE-C1C49E3D1344}.Debug|Any CPU.Build.0 = Debug|Any CPU
		{4E71C924-6A53-4E8B-9ACE-C1C49E3D1344}.Release|Any CPU.ActiveCfg = Release|Any CPU
		{4E71C924-6A53-4E8B-9ACE-C1C49E3D1344}.Release|Any CPU.Build.0 = Release|Any CPU
	EndGlobalSection
	GlobalSection(SolutionProperties) = preSolution
		HideSolutionNode = FALSE
	EndGlobalSection
	GlobalSection(ExtensibilityGlobals) = postSolution
		SolutionGuid = {1D87219F-5BDD-4CDD-9464-CC9581AB3090}
	EndGlobalSection
EndGlobal
