
Microsoft Visual Studio Solution File, Format Version 12.00
# Visual Studio Version 17
VisualStudioVersion = 17.0.32126.317
MinimumVisualStudioVersion = 10.0.40219.1
Project("{FAE04EC0-301F-11D3-BF4B-00C04F79EFBC}") = "Task_9", "Task_9.csproj", "{D21A6425-4A3E-48F1-AB6C-D8782A6CD0D3}"
EndProject
Global
	GlobalSection(SolutionConfigurationPlatforms) = preSolution
		Debug|Any CPU = Debug|Any CPU
		Release|Any CPU = Release|Any CPU
	EndGlobalSection
	GlobalSection(ProjectConfigurationPlatforms) = postSolution
		{D21A6425-4A3E-48F1-AB6C-D8782A6CD0D3}.Debug|Any CPU.ActiveCfg = Debug|Any CPU
		{D21A6425-4A3E-48F1-AB6C-D8782A6CD0D3}.Debug|Any CPU.Build.0 = Debug|Any CPU
		{D21A6425-4A3E-48F1-AB6C-D8782A6CD0D3}.Release|Any CPU.ActiveCfg = Release|Any CPU
		{D21A6425-4A3E-48F1-AB6C-D8782A6CD0D3}.Release|Any CPU.Build.0 = Release|Any CPU
	EndGlobalSection
	GlobalSection(SolutionProperties) = preSolution
		HideSolutionNode = FALSE
	EndGlobalSection
	GlobalSection(ExtensibilityGlobals) = postSolution
		SolutionGuid = {4919A6D1-5BFF-459C-B844-A8BB353E83A6}
	EndGlobalSection
EndGlobal
